
Microsoft Visual Studio Solution File, Format Version 12.00
# Visual Studio Version 17
VisualStudioVersion = 17.0.31903.59
MinimumVisualStudioVersion = 10.0.40219.1
Project("{FAE04EC0-301F-11D3-BF4B-00C04F79EFBC}") = "ProductService", "ProductService\ProductService.csproj", "{DA6143D8-9099-4339-B8BB-BF7CB1D99EBF}"
EndProject
Project("{FAE04EC0-301F-11D3-BF4B-00C04F79EFBC}") = "OrderService", "OrderService\OrderService.csproj", "{FB3F3606-7FFE-495D-A548-3A85E7664C00}"
EndProject
Project("{FAE04EC0-301F-11D3-BF4B-00C04F79EFBC}") = "CustomerService", "CustomerService\CustomerService.csproj", "{83BC287B-26E5-4D2D-8097-ABC41B9A0927}"
EndProject
Project("{FAE04EC0-301F-11D3-BF4B-00C04F79EFBC}") = "ApiGateway", "ApiGateway\ApiGateway.csproj", "{B77EC68F-491F-4529-ACF6-2B5A6CA2C147}"
EndProject
Project("{FAE04EC0-301F-11D3-BF4B-00C04F79EFBC}") = "InventaireService", "InventaireService\InventaireService.csproj", "{504533EA-8275-45AA-AF32-44C4D3F98BF6}"
EndProject
Project("{FAE04EC0-301F-11D3-BF4B-00C04F79EFBC}") = "UserService", "UserService\UserService.csproj", "{10446560-D3BB-4CA3-85C4-93BE209CA914}"
EndProject
Project("{FAE04EC0-301F-11D3-BF4B-00C04F79EFBC}") = "BorrowingService", "BorrowingService\BorrowingService.csproj", "{59537D26-A750-4FAA-B387-14DB156B5D13}"
EndProject
Project("{FAE04EC0-301F-11D3-BF4B-00C04F79EFBC}") = "BookService", "BookService\BookService.csproj", "{97A7F66F-AA7C-40CE-B276-8C6032AF94EE}"
EndProject
Global
	GlobalSection(SolutionConfigurationPlatforms) = preSolution
		Debug|Any CPU = Debug|Any CPU
		Release|Any CPU = Release|Any CPU
	EndGlobalSection
	GlobalSection(ProjectConfigurationPlatforms) = postSolution
		{DA6143D8-9099-4339-B8BB-BF7CB1D99EBF}.Debug|Any CPU.ActiveCfg = Debug|Any CPU
		{DA6143D8-9099-4339-B8BB-BF7CB1D99EBF}.Debug|Any CPU.Build.0 = Debug|Any CPU
		{DA6143D8-9099-4339-B8BB-BF7CB1D99EBF}.Release|Any CPU.ActiveCfg = Release|Any CPU
		{DA6143D8-9099-4339-B8BB-BF7CB1D99EBF}.Release|Any CPU.Build.0 = Release|Any CPU
		{FB3F3606-7FFE-495D-A548-3A85E7664C00}.Debug|Any CPU.ActiveCfg = Debug|Any CPU
		{FB3F3606-7FFE-495D-A548-3A85E7664C00}.Debug|Any CPU.Build.0 = Debug|Any CPU
		{FB3F3606-7FFE-495D-A548-3A85E7664C00}.Release|Any CPU.ActiveCfg = Release|Any CPU
		{FB3F3606-7FFE-495D-A548-3A85E7664C00}.Release|Any CPU.Build.0 = Release|Any CPU
		{83BC287B-26E5-4D2D-8097-ABC41B9A0927}.Debug|Any CPU.ActiveCfg = Debug|Any CPU
		{83BC287B-26E5-4D2D-8097-ABC41B9A0927}.Debug|Any CPU.Build.0 = Debug|Any CPU
		{83BC287B-26E5-4D2D-8097-ABC41B9A0927}.Release|Any CPU.ActiveCfg = Release|Any CPU
		{83BC287B-26E5-4D2D-8097-ABC41B9A0927}.Release|Any CPU.Build.0 = Release|Any CPU
		{B77EC68F-491F-4529-ACF6-2B5A6CA2C147}.Debug|Any CPU.ActiveCfg = Debug|Any CPU
		{B77EC68F-491F-4529-ACF6-2B5A6CA2C147}.Debug|Any CPU.Build.0 = Debug|Any CPU
		{B77EC68F-491F-4529-ACF6-2B5A6CA2C147}.Release|Any CPU.ActiveCfg = Release|Any CPU
		{B77EC68F-491F-4529-ACF6-2B5A6CA2C147}.Release|Any CPU.Build.0 = Release|Any CPU
		{504533EA-8275-45AA-AF32-44C4D3F98BF6}.Debug|Any CPU.ActiveCfg = Debug|Any CPU
		{504533EA-8275-45AA-AF32-44C4D3F98BF6}.Debug|Any CPU.Build.0 = Debug|Any CPU
		{504533EA-8275-45AA-AF32-44C4D3F98BF6}.Release|Any CPU.ActiveCfg = Release|Any CPU
		{504533EA-8275-45AA-AF32-44C4D3F98BF6}.Release|Any CPU.Build.0 = Release|Any CPU
		{10446560-D3BB-4CA3-85C4-93BE209CA914}.Debug|Any CPU.ActiveCfg = Debug|Any CPU
		{10446560-D3BB-4CA3-85C4-93BE209CA914}.Debug|Any CPU.Build.0 = Debug|Any CPU
		{10446560-D3BB-4CA3-85C4-93BE209CA914}.Release|Any CPU.ActiveCfg = Release|Any CPU
		{10446560-D3BB-4CA3-85C4-93BE209CA914}.Release|Any CPU.Build.0 = Release|Any CPU
		{59537D26-A750-4FAA-B387-14DB156B5D13}.Debug|Any CPU.ActiveCfg = Debug|Any CPU
		{59537D26-A750-4FAA-B387-14DB156B5D13}.Debug|Any CPU.Build.0 = Debug|Any CPU
		{59537D26-A750-4FAA-B387-14DB156B5D13}.Release|Any CPU.ActiveCfg = Release|Any CPU
		{59537D26-A750-4FAA-B387-14DB156B5D13}.Release|Any CPU.Build.0 = Release|Any CPU
		{97A7F66F-AA7C-40CE-B276-8C6032AF94EE}.Debug|Any CPU.ActiveCfg = Debug|Any CPU
		{97A7F66F-AA7C-40CE-B276-8C6032AF94EE}.Debug|Any CPU.Build.0 = Debug|Any CPU
		{97A7F66F-AA7C-40CE-B276-8C6032AF94EE}.Release|Any CPU.ActiveCfg = Release|Any CPU
		{97A7F66F-AA7C-40CE-B276-8C6032AF94EE}.Release|Any CPU.Build.0 = Release|Any CPU
	EndGlobalSection
	GlobalSection(SolutionProperties) = preSolution
		HideSolutionNode = FALSE
	EndGlobalSection
EndGlobal
